# This file is automatically @generated by Poetry 1.7.1 and should not be changed by hand.

[[package]]
name = "cmake"
version = "3.31.2"
description = "CMake is an open-source, cross-platform family of tools designed to build, test and package software"
optional = false
python-versions = ">=3.7"
files = [
    {file = "cmake-3.31.2-py3-none-macosx_10_10_universal2.whl", hash = "sha256:8c1fa50cafe54f9aa074d03cda1ade54271039d939194adc9cd1ac388b1af055"},
    {file = "cmake-3.31.2-py3-none-manylinux_2_12_i686.manylinux2010_i686.whl", hash = "sha256:8210a40d5b08bec7c752974f2b217a062a092480e33dcbd39d46a8cd96c29ddc"},
    {file = "cmake-3.31.2-py3-none-manylinux_2_12_x86_64.manylinux2010_x86_64.whl", hash = "sha256:82ec0a96b965874dc793ed6d3aa7edad6f364d4ba8b86307548bfbbca70fd2dd"},
    {file = "cmake-3.31.2-py3-none-manylinux_2_17_aarch64.manylinux2014_aarch64.whl", hash = "sha256:604c44684dbcbec1458310bd57b9e69b7768ddd7cd2fc852607ca24616f34518"},
    {file = "cmake-3.31.2-py3-none-manylinux_2_17_i686.manylinux2014_i686.whl", hash = "sha256:8d8c840502f84a16562820ee23f963583953939de63a9582f0f7735868cd18e6"},
    {file = "cmake-3.31.2-py3-none-manylinux_2_17_ppc64le.manylinux2014_ppc64le.whl", hash = "sha256:2988aac62b9ada74bb802a8065ea58abe57bf203c057bb7e0456c3575a89c48a"},
    {file = "cmake-3.31.2-py3-none-manylinux_2_17_s390x.manylinux2014_s390x.whl", hash = "sha256:c8f9d7f8371a6739bbec7c238d213877f31b22a10930c91dea59b8b9463b6ee1"},
    {file = "cmake-3.31.2-py3-none-manylinux_2_17_x86_64.manylinux2014_x86_64.whl", hash = "sha256:31aaa73c6bf49109b2a7ab86b3e6887b5db0da6be30ddfb30bed160b84787f89"},
    {file = "cmake-3.31.2-py3-none-manylinux_2_31_armv7l.whl", hash = "sha256:79b7eb78aea04e363a736e544afc4b4489f50415075bd77131e5314778b8e879"},
    {file = "cmake-3.31.2-py3-none-musllinux_1_1_aarch64.whl", hash = "sha256:09b3b1c919c76d25272bd9a0f15baf954d6c883abffdd1cfb3fbf1afa7a2c556"},
    {file = "cmake-3.31.2-py3-none-musllinux_1_1_i686.whl", hash = "sha256:aec014f19536f2b6b0a94f4e20990c28fb93c4bdf9193d57fa5e50ef829aaf78"},
    {file = "cmake-3.31.2-py3-none-musllinux_1_1_ppc64le.whl", hash = "sha256:994e14f485329d58d316487bd1759ad89717b895079e8b892a8220f03c1c5267"},
    {file = "cmake-3.31.2-py3-none-musllinux_1_1_s390x.whl", hash = "sha256:e8fc23d376b3fae8945067f397d8503fff210eefe1e49ab9ece1d99a88679cf4"},
    {file = "cmake-3.31.2-py3-none-musllinux_1_1_x86_64.whl", hash = "sha256:fa3b23b8bd52c0ae9e3c6b635ac8ee70d8f35d24bacf39cc4cea22aec6e4ed84"},
    {file = "cmake-3.31.2-py3-none-musllinux_1_2_armv7l.whl", hash = "sha256:7b5f4f5ec4b0d6275369881a2a7bf7230af1cb60afdb20a7b2fbc70690f13564"},
    {file = "cmake-3.31.2-py3-none-win32.whl", hash = "sha256:378036396394dad7673cdfc603bb85af34945607df43e8dad731f5907c755f3b"},
    {file = "cmake-3.31.2-py3-none-win_amd64.whl", hash = "sha256:cedb6de320a65ff0137e5c6090b9b7fba459788237d3d4deb6e66be19fe9b61d"},
    {file = "cmake-3.31.2-py3-none-win_arm64.whl", hash = "sha256:3bd054996b8a36ff5beb3cdd0ffbf8edf23d719cf946762662a9fb70525b1d1b"},
    {file = "cmake-3.31.2.tar.gz", hash = "sha256:16a323fcbb86cf8a10aea82cd4deecb33edb3ed7e8907be8a06933ce04f6e6d1"},
]

[package.extras]
test = ["coverage (>=4.2)", "pytest (>=3.0.3)", "pytest-cov (>=2.4.0)"]

[[package]]
name = "invoke"
version = "2.2.0"
description = "Pythonic task execution"
optional = false
python-versions = ">=3.6"
files = [
    {file = "invoke-2.2.0-py3-none-any.whl", hash = "sha256:6ea924cc53d4f78e3d98bc436b08069a03077e6f85ad1ddaa8a116d7dad15820"},
    {file = "invoke-2.2.0.tar.gz", hash = "sha256:ee6cbb101af1a859c7fe84f2a264c059020b0cb7fe3535f9424300ab568f6bd5"},
]

[metadata]
lock-version = "2.0"
python-versions = "^3.11"
content-hash = "7a40500e3f04126f600615765faae9d9f8fdb9bcd772fc1a4f83d81a8637c4d0"
